
Microsoft Visual Studio Solution File, Format Version 12.00
# Visual Studio Version 17
VisualStudioVersion = 17.5.33516.290
MinimumVisualStudioVersion = 10.0.40219.1
Project("{2150E333-8FDC-42A3-9474-1A3956D46DE8}") = "src", "src", "{F65D213D-33BE-4B06-93C4-6A6CE2044BC6}"
EndProject
Project("{2150E333-8FDC-42A3-9474-1A3956D46DE8}") = "tests", "tests", "{AF12198D-9CE7-444C-8897-7F6B7CB6C7E5}"
EndProject
Project("{2150E333-8FDC-42A3-9474-1A3956D46DE8}") = "web", "web", "{01F9DBFF-D247-45BE-BC62-31A180DD08DB}"
EndProject
Project("{9A19103F-16F7-4668-BE54-9A1E7A4F7556}") = "GG.Application", "GG.Aplication\GG.Application.csproj", "{7CB8CE36-09B4-4CE5-AB33-8EF3E942C419}"
EndProject
Project("{9A19103F-16F7-4668-BE54-9A1E7A4F7556}") = "GG.Communication", "GG.Communication\GG.Communication.csproj", "{66807826-D5DB-47D4-B3CC-031CD7C2B861}"
EndProject
Project("{9A19103F-16F7-4668-BE54-9A1E7A4F7556}") = "GG.Domain", "GG.Domain\GG.Domain.csproj", "{94F57DFC-A4F7-4BA8-9642-A602754B5555}"
EndProject
Project("{9A19103F-16F7-4668-BE54-9A1E7A4F7556}") = "GG.Exception", "GG.Exception\GG.Exception.csproj", "{33C3E5AA-BB34-47EB-9EEB-2B484AFDB88D}"
EndProject
Project("{9A19103F-16F7-4668-BE54-9A1E7A4F7556}") = "GG.Infrastructure", "GG.Infrastructure\GG.Infrastructure.csproj", "{3E8CE59E-E7F8-4559-83F1-9EA599450986}"
EndProject
Project("{9A19103F-16F7-4668-BE54-9A1E7A4F7556}") = "GG.Comum.Tests", "GG.Comum.Tests\GG.Comum.Tests.csproj", "{69F36E09-097A-4BD4-89C8-5A5D08089A3A}"
EndProject
Project("{9A19103F-16F7-4668-BE54-9A1E7A4F7556}") = "Validator.Tests", "Validator.Tests\Validator.Tests.csproj", "{43E10BA9-F84F-4EE8-8382-A6E36E2C2A54}"
EndProject
Project("{54A90642-561A-4BB1-A94E-469ADEE60C69}") = "angular.client", "angular.client\angular.client.esproj", "{9FA94E44-1838-475B-8AFA-4F1C5754B92D}"
EndProject
Project("{9A19103F-16F7-4668-BE54-9A1E7A4F7556}") = "Angular.Server", "Angular.Server\Angular.Server.csproj", "{0A230C97-352D-46D7-9883-E20035594077}"
EndProject
Project("{9A19103F-16F7-4668-BE54-9A1E7A4F7556}") = "GG.Api", "GG.Api\GG.Api.csproj", "{24AE0DFB-EB6D-4988-B12D-250579D77554}"
EndProject
Global
	GlobalSection(SolutionConfigurationPlatforms) = preSolution
		Debug|Any CPU = Debug|Any CPU
		Release|Any CPU = Release|Any CPU
	EndGlobalSection
	GlobalSection(ProjectConfigurationPlatforms) = postSolution
		{7CB8CE36-09B4-4CE5-AB33-8EF3E942C419}.Debug|Any CPU.ActiveCfg = Debug|Any CPU
		{7CB8CE36-09B4-4CE5-AB33-8EF3E942C419}.Debug|Any CPU.Build.0 = Debug|Any CPU
		{7CB8CE36-09B4-4CE5-AB33-8EF3E942C419}.Release|Any CPU.ActiveCfg = Release|Any CPU
		{7CB8CE36-09B4-4CE5-AB33-8EF3E942C419}.Release|Any CPU.Build.0 = Release|Any CPU
		{66807826-D5DB-47D4-B3CC-031CD7C2B861}.Debug|Any CPU.ActiveCfg = Debug|Any CPU
		{66807826-D5DB-47D4-B3CC-031CD7C2B861}.Debug|Any CPU.Build.0 = Debug|Any CPU
		{66807826-D5DB-47D4-B3CC-031CD7C2B861}.Release|Any CPU.ActiveCfg = Release|Any CPU
		{66807826-D5DB-47D4-B3CC-031CD7C2B861}.Release|Any CPU.Build.0 = Release|Any CPU
		{94F57DFC-A4F7-4BA8-9642-A602754B5555}.Debug|Any CPU.ActiveCfg = Debug|Any CPU
		{94F57DFC-A4F7-4BA8-9642-A602754B5555}.Debug|Any CPU.Build.0 = Debug|Any CPU
		{94F57DFC-A4F7-4BA8-9642-A602754B5555}.Release|Any CPU.ActiveCfg = Release|Any CPU
		{94F57DFC-A4F7-4BA8-9642-A602754B5555}.Release|Any CPU.Build.0 = Release|Any CPU
		{33C3E5AA-BB34-47EB-9EEB-2B484AFDB88D}.Debug|Any CPU.ActiveCfg = Debug|Any CPU
		{33C3E5AA-BB34-47EB-9EEB-2B484AFDB88D}.Debug|Any CPU.Build.0 = Debug|Any CPU
		{33C3E5AA-BB34-47EB-9EEB-2B484AFDB88D}.Release|Any CPU.ActiveCfg = Release|Any CPU
		{33C3E5AA-BB34-47EB-9EEB-2B484AFDB88D}.Release|Any CPU.Build.0 = Release|Any CPU
		{3E8CE59E-E7F8-4559-83F1-9EA599450986}.Debug|Any CPU.ActiveCfg = Debug|Any CPU
		{3E8CE59E-E7F8-4559-83F1-9EA599450986}.Debug|Any CPU.Build.0 = Debug|Any CPU
		{3E8CE59E-E7F8-4559-83F1-9EA599450986}.Release|Any CPU.ActiveCfg = Release|Any CPU
		{3E8CE59E-E7F8-4559-83F1-9EA599450986}.Release|Any CPU.Build.0 = Release|Any CPU
		{69F36E09-097A-4BD4-89C8-5A5D08089A3A}.Debug|Any CPU.ActiveCfg = Debug|Any CPU
		{69F36E09-097A-4BD4-89C8-5A5D08089A3A}.Debug|Any CPU.Build.0 = Debug|Any CPU
		{69F36E09-097A-4BD4-89C8-5A5D08089A3A}.Release|Any CPU.ActiveCfg = Release|Any CPU
		{69F36E09-097A-4BD4-89C8-5A5D08089A3A}.Release|Any CPU.Build.0 = Release|Any CPU
		{43E10BA9-F84F-4EE8-8382-A6E36E2C2A54}.Debug|Any CPU.ActiveCfg = Debug|Any CPU
		{43E10BA9-F84F-4EE8-8382-A6E36E2C2A54}.Debug|Any CPU.Build.0 = Debug|Any CPU
		{43E10BA9-F84F-4EE8-8382-A6E36E2C2A54}.Release|Any CPU.ActiveCfg = Release|Any CPU
		{43E10BA9-F84F-4EE8-8382-A6E36E2C2A54}.Release|Any CPU.Build.0 = Release|Any CPU
		{9FA94E44-1838-475B-8AFA-4F1C5754B92D}.Debug|Any CPU.ActiveCfg = Debug|Any CPU
		{9FA94E44-1838-475B-8AFA-4F1C5754B92D}.Debug|Any CPU.Build.0 = Debug|Any CPU
		{9FA94E44-1838-475B-8AFA-4F1C5754B92D}.Debug|Any CPU.Deploy.0 = Debug|Any CPU
		{9FA94E44-1838-475B-8AFA-4F1C5754B92D}.Release|Any CPU.ActiveCfg = Release|Any CPU
		{9FA94E44-1838-475B-8AFA-4F1C5754B92D}.Release|Any CPU.Build.0 = Release|Any CPU
		{9FA94E44-1838-475B-8AFA-4F1C5754B92D}.Release|Any CPU.Deploy.0 = Release|Any CPU
		{0A230C97-352D-46D7-9883-E20035594077}.Debug|Any CPU.ActiveCfg = Debug|Any CPU
		{0A230C97-352D-46D7-9883-E20035594077}.Debug|Any CPU.Build.0 = Debug|Any CPU
		{0A230C97-352D-46D7-9883-E20035594077}.Release|Any CPU.ActiveCfg = Release|Any CPU
		{0A230C97-352D-46D7-9883-E20035594077}.Release|Any CPU.Build.0 = Release|Any CPU
		{24AE0DFB-EB6D-4988-B12D-250579D77554}.Debug|Any CPU.ActiveCfg = Debug|Any CPU
		{24AE0DFB-EB6D-4988-B12D-250579D77554}.Debug|Any CPU.Build.0 = Debug|Any CPU
		{24AE0DFB-EB6D-4988-B12D-250579D77554}.Release|Any CPU.ActiveCfg = Release|Any CPU
		{24AE0DFB-EB6D-4988-B12D-250579D77554}.Release|Any CPU.Build.0 = Release|Any CPU
	EndGlobalSection
	GlobalSection(SolutionProperties) = preSolution
		HideSolutionNode = FALSE
	EndGlobalSection
	GlobalSection(NestedProjects) = preSolution
		{7CB8CE36-09B4-4CE5-AB33-8EF3E942C419} = {F65D213D-33BE-4B06-93C4-6A6CE2044BC6}
		{66807826-D5DB-47D4-B3CC-031CD7C2B861} = {F65D213D-33BE-4B06-93C4-6A6CE2044BC6}
		{94F57DFC-A4F7-4BA8-9642-A602754B5555} = {F65D213D-33BE-4B06-93C4-6A6CE2044BC6}
		{33C3E5AA-BB34-47EB-9EEB-2B484AFDB88D} = {F65D213D-33BE-4B06-93C4-6A6CE2044BC6}
		{3E8CE59E-E7F8-4559-83F1-9EA599450986} = {F65D213D-33BE-4B06-93C4-6A6CE2044BC6}
		{69F36E09-097A-4BD4-89C8-5A5D08089A3A} = {AF12198D-9CE7-444C-8897-7F6B7CB6C7E5}
		{43E10BA9-F84F-4EE8-8382-A6E36E2C2A54} = {AF12198D-9CE7-444C-8897-7F6B7CB6C7E5}
		{9FA94E44-1838-475B-8AFA-4F1C5754B92D} = {01F9DBFF-D247-45BE-BC62-31A180DD08DB}
		{0A230C97-352D-46D7-9883-E20035594077} = {01F9DBFF-D247-45BE-BC62-31A180DD08DB}
		{24AE0DFB-EB6D-4988-B12D-250579D77554} = {F65D213D-33BE-4B06-93C4-6A6CE2044BC6}
	EndGlobalSection
	GlobalSection(ExtensibilityGlobals) = postSolution
		SolutionGuid = {CED1E432-CD9F-4F79-A2ED-5A696CC470C1}
	EndGlobalSection
EndGlobal
