
Microsoft Visual Studio Solution File, Format Version 12.00
# Visual Studio Version 17
VisualStudioVersion = 17.5.33516.290
MinimumVisualStudioVersion = 10.0.40219.1
Project("{2150E333-8FDC-42A3-9474-1A3956D46DE8}") = "src", "src", "{F65D213D-33BE-4B06-93C4-6A6CE2044BC6}"
EndProject
Project("{2150E333-8FDC-42A3-9474-1A3956D46DE8}") = "tests", "tests", "{AF12198D-9CE7-444C-8897-7F6B7CB6C7E5}"
EndProject
Project("{E53339B2-1760-4266-BCC7-CA923CBCF16C}") = "docker-compose", "docker-compose.dcproj", "{97DB6B69-9981-4C15-A8BC-659DFD027C72}"
EndProject
Project("{FAE04EC0-301F-11D3-BF4B-00C04F79EFBC}") = "GG.Api", "src\GG.Api\GG.Api.csproj", "{8378A843-EC3B-6FBD-100D-096F2D764403}"
EndProject
Project("{FAE04EC0-301F-11D3-BF4B-00C04F79EFBC}") = "GG.Application", "src\GG.Application\GG.Application.csproj", "{E5264DD2-D85B-A673-A2E2-08E2EEF0FAAD}"
EndProject
Project("{FAE04EC0-301F-11D3-BF4B-00C04F79EFBC}") = "GG.Communication", "src\GG.Communication\GG.Communication.csproj", "{96C7987D-7EBD-325A-DD78-20A555A00035}"
EndProject
Project("{FAE04EC0-301F-11D3-BF4B-00C04F79EFBC}") = "GG.Domain", "src\GG.Domain\GG.Domain.csproj", "{0847925D-876C-1E0F-2AF5-1E17B7267126}"
EndProject
Project("{FAE04EC0-301F-11D3-BF4B-00C04F79EFBC}") = "GG.Exception", "src\GG.Exception\GG.Exception.csproj", "{AF522076-DFE2-4BB2-8656-4B90DD19C827}"
EndProject
Project("{FAE04EC0-301F-11D3-BF4B-00C04F79EFBC}") = "GG.Infrastructure", "src\GG.Infrastructure\GG.Infrastructure.csproj", "{EFE5217C-3E42-B624-CBA3-653A14ADA3AE}"
EndProject
Project("{FAE04EC0-301F-11D3-BF4B-00C04F79EFBC}") = "GG.Comum.Tests", "tests\GG.Comum.Tests\GG.Comum.Tests.csproj", "{539EFA80-AB4B-73BC-4F98-FD1D1493FEAD}"
EndProject
Project("{FAE04EC0-301F-11D3-BF4B-00C04F79EFBC}") = "Validator.Tests", "tests\Validator.Tests\Validator.Tests.csproj", "{005241AF-09E0-35D4-1253-955AB2695096}"
EndProject
Global
	GlobalSection(SolutionConfigurationPlatforms) = preSolution
		Debug|Any CPU = Debug|Any CPU
		Release|Any CPU = Release|Any CPU
	EndGlobalSection
	GlobalSection(ProjectConfigurationPlatforms) = postSolution
		{97DB6B69-9981-4C15-A8BC-659DFD027C72}.Debug|Any CPU.ActiveCfg = Debug|Any CPU
		{97DB6B69-9981-4C15-A8BC-659DFD027C72}.Debug|Any CPU.Build.0 = Debug|Any CPU
		{97DB6B69-9981-4C15-A8BC-659DFD027C72}.Release|Any CPU.ActiveCfg = Release|Any CPU
		{97DB6B69-9981-4C15-A8BC-659DFD027C72}.Release|Any CPU.Build.0 = Release|Any CPU
		{8378A843-EC3B-6FBD-100D-096F2D764403}.Debug|Any CPU.ActiveCfg = Debug|Any CPU
		{8378A843-EC3B-6FBD-100D-096F2D764403}.Debug|Any CPU.Build.0 = Debug|Any CPU
		{8378A843-EC3B-6FBD-100D-096F2D764403}.Release|Any CPU.ActiveCfg = Release|Any CPU
		{8378A843-EC3B-6FBD-100D-096F2D764403}.Release|Any CPU.Build.0 = Release|Any CPU
		{E5264DD2-D85B-A673-A2E2-08E2EEF0FAAD}.Debug|Any CPU.ActiveCfg = Debug|Any CPU
		{E5264DD2-D85B-A673-A2E2-08E2EEF0FAAD}.Debug|Any CPU.Build.0 = Debug|Any CPU
		{E5264DD2-D85B-A673-A2E2-08E2EEF0FAAD}.Release|Any CPU.ActiveCfg = Release|Any CPU
		{E5264DD2-D85B-A673-A2E2-08E2EEF0FAAD}.Release|Any CPU.Build.0 = Release|Any CPU
		{96C7987D-7EBD-325A-DD78-20A555A00035}.Debug|Any CPU.ActiveCfg = Debug|Any CPU
		{96C7987D-7EBD-325A-DD78-20A555A00035}.Debug|Any CPU.Build.0 = Debug|Any CPU
		{96C7987D-7EBD-325A-DD78-20A555A00035}.Release|Any CPU.ActiveCfg = Release|Any CPU
		{96C7987D-7EBD-325A-DD78-20A555A00035}.Release|Any CPU.Build.0 = Release|Any CPU
		{0847925D-876C-1E0F-2AF5-1E17B7267126}.Debug|Any CPU.ActiveCfg = Debug|Any CPU
		{0847925D-876C-1E0F-2AF5-1E17B7267126}.Debug|Any CPU.Build.0 = Debug|Any CPU
		{0847925D-876C-1E0F-2AF5-1E17B7267126}.Release|Any CPU.ActiveCfg = Release|Any CPU
		{0847925D-876C-1E0F-2AF5-1E17B7267126}.Release|Any CPU.Build.0 = Release|Any CPU
		{AF522076-DFE2-4BB2-8656-4B90DD19C827}.Debug|Any CPU.ActiveCfg = Debug|Any CPU
		{AF522076-DFE2-4BB2-8656-4B90DD19C827}.Debug|Any CPU.Build.0 = Debug|Any CPU
		{AF522076-DFE2-4BB2-8656-4B90DD19C827}.Release|Any CPU.ActiveCfg = Release|Any CPU
		{AF522076-DFE2-4BB2-8656-4B90DD19C827}.Release|Any CPU.Build.0 = Release|Any CPU
		{EFE5217C-3E42-B624-CBA3-653A14ADA3AE}.Debug|Any CPU.ActiveCfg = Debug|Any CPU
		{EFE5217C-3E42-B624-CBA3-653A14ADA3AE}.Debug|Any CPU.Build.0 = Debug|Any CPU
		{EFE5217C-3E42-B624-CBA3-653A14ADA3AE}.Release|Any CPU.ActiveCfg = Release|Any CPU
		{EFE5217C-3E42-B624-CBA3-653A14ADA3AE}.Release|Any CPU.Build.0 = Release|Any CPU
		{539EFA80-AB4B-73BC-4F98-FD1D1493FEAD}.Debug|Any CPU.ActiveCfg = Debug|Any CPU
		{539EFA80-AB4B-73BC-4F98-FD1D1493FEAD}.Debug|Any CPU.Build.0 = Debug|Any CPU
		{539EFA80-AB4B-73BC-4F98-FD1D1493FEAD}.Release|Any CPU.ActiveCfg = Release|Any CPU
		{539EFA80-AB4B-73BC-4F98-FD1D1493FEAD}.Release|Any CPU.Build.0 = Release|Any CPU
		{005241AF-09E0-35D4-1253-955AB2695096}.Debug|Any CPU.ActiveCfg = Debug|Any CPU
		{005241AF-09E0-35D4-1253-955AB2695096}.Debug|Any CPU.Build.0 = Debug|Any CPU
		{005241AF-09E0-35D4-1253-955AB2695096}.Release|Any CPU.ActiveCfg = Release|Any CPU
		{005241AF-09E0-35D4-1253-955AB2695096}.Release|Any CPU.Build.0 = Release|Any CPU
	EndGlobalSection
	GlobalSection(SolutionProperties) = preSolution
		HideSolutionNode = FALSE
	EndGlobalSection
	GlobalSection(NestedProjects) = preSolution
		{8378A843-EC3B-6FBD-100D-096F2D764403} = {F65D213D-33BE-4B06-93C4-6A6CE2044BC6}
		{E5264DD2-D85B-A673-A2E2-08E2EEF0FAAD} = {F65D213D-33BE-4B06-93C4-6A6CE2044BC6}
		{96C7987D-7EBD-325A-DD78-20A555A00035} = {F65D213D-33BE-4B06-93C4-6A6CE2044BC6}
		{0847925D-876C-1E0F-2AF5-1E17B7267126} = {F65D213D-33BE-4B06-93C4-6A6CE2044BC6}
		{AF522076-DFE2-4BB2-8656-4B90DD19C827} = {F65D213D-33BE-4B06-93C4-6A6CE2044BC6}
		{EFE5217C-3E42-B624-CBA3-653A14ADA3AE} = {F65D213D-33BE-4B06-93C4-6A6CE2044BC6}
		{539EFA80-AB4B-73BC-4F98-FD1D1493FEAD} = {AF12198D-9CE7-444C-8897-7F6B7CB6C7E5}
		{005241AF-09E0-35D4-1253-955AB2695096} = {AF12198D-9CE7-444C-8897-7F6B7CB6C7E5}
	EndGlobalSection
	GlobalSection(ExtensibilityGlobals) = postSolution
		SolutionGuid = {CED1E432-CD9F-4F79-A2ED-5A696CC470C1}
	EndGlobalSection
EndGlobal
