
Microsoft Visual Studio Solution File, Format Version 12.00
# Visual Studio Version 17
VisualStudioVersion = 17.5.33516.290
MinimumVisualStudioVersion = 10.0.40219.1
Project("{9A19103F-16F7-4668-BE54-9A1E7A4F7556}") = "GG.Api", "GG.Api.csproj", "{7F2EAE69-3CCA-40E6-A691-272352FF254A}"
EndProject
Project("{54A90642-561A-4BB1-A94E-469ADEE60C69}") = "angular.client", "..\Angular\angular.client\angular.client.esproj", "{EC40CD7D-BBB9-4B30-9FE4-F3A474A9F415}"
EndProject
Project("{2150E333-8FDC-42A3-9474-1A3956D46DE8}") = "src", "src", "{F65D213D-33BE-4B06-93C4-6A6CE2044BC6}"
EndProject
Project("{2150E333-8FDC-42A3-9474-1A3956D46DE8}") = "tests", "tests", "{AF12198D-9CE7-444C-8897-7F6B7CB6C7E5}"
EndProject
Project("{2150E333-8FDC-42A3-9474-1A3956D46DE8}") = "web", "web", "{01F9DBFF-D247-45BE-BC62-31A180DD08DB}"
EndProject
Project("{9A19103F-16F7-4668-BE54-9A1E7A4F7556}") = "Validator.Tests", "..\Validator.Tests\Validator.Tests.csproj", "{73FE640E-1846-49AF-B0A4-9160BDE11D6D}"
EndProject
Project("{9A19103F-16F7-4668-BE54-9A1E7A4F7556}") = "GG.Comum.Tests", "..\GG.Comum.Tests\GG.Comum.Tests.csproj", "{E3D22749-1CD0-4143-B18E-A50A2A66BA08}"
EndProject
Project("{9A19103F-16F7-4668-BE54-9A1E7A4F7556}") = "GG.Communication", "..\GG.Communication\GG.Communication.csproj", "{3B6BDF9D-0D2A-49B9-A07E-25DA5751CF27}"
EndProject
Project("{9A19103F-16F7-4668-BE54-9A1E7A4F7556}") = "GG.Application", "..\GG.Aplication\GG.Application.csproj", "{142DBBAD-C5C3-4774-A8E8-F8842376B019}"
EndProject
Project("{9A19103F-16F7-4668-BE54-9A1E7A4F7556}") = "GG.Domain", "..\GG.Domain\GG.Domain.csproj", "{96A2C7F3-125C-4359-88B9-25099871D948}"
EndProject
Project("{9A19103F-16F7-4668-BE54-9A1E7A4F7556}") = "GG.Exception", "..\GG.Exception\GG.Exception.csproj", "{56A43175-1A7B-4881-BEC4-734B9B547D17}"
EndProject
Project("{9A19103F-16F7-4668-BE54-9A1E7A4F7556}") = "GG.Infrastructure", "..\GG.Infrastructure\GG.Infrastructure.csproj", "{96B08694-9D67-46B9-BF72-CA2C098B0547}"
EndProject
Global
	GlobalSection(SolutionConfigurationPlatforms) = preSolution
		Debug|Any CPU = Debug|Any CPU
		Release|Any CPU = Release|Any CPU
	EndGlobalSection
	GlobalSection(ProjectConfigurationPlatforms) = postSolution
		{7F2EAE69-3CCA-40E6-A691-272352FF254A}.Debug|Any CPU.ActiveCfg = Debug|Any CPU
		{7F2EAE69-3CCA-40E6-A691-272352FF254A}.Debug|Any CPU.Build.0 = Debug|Any CPU
		{7F2EAE69-3CCA-40E6-A691-272352FF254A}.Release|Any CPU.ActiveCfg = Release|Any CPU
		{7F2EAE69-3CCA-40E6-A691-272352FF254A}.Release|Any CPU.Build.0 = Release|Any CPU
		{EC40CD7D-BBB9-4B30-9FE4-F3A474A9F415}.Debug|Any CPU.ActiveCfg = Debug|Any CPU
		{EC40CD7D-BBB9-4B30-9FE4-F3A474A9F415}.Debug|Any CPU.Build.0 = Debug|Any CPU
		{EC40CD7D-BBB9-4B30-9FE4-F3A474A9F415}.Debug|Any CPU.Deploy.0 = Debug|Any CPU
		{EC40CD7D-BBB9-4B30-9FE4-F3A474A9F415}.Release|Any CPU.ActiveCfg = Release|Any CPU
		{EC40CD7D-BBB9-4B30-9FE4-F3A474A9F415}.Release|Any CPU.Build.0 = Release|Any CPU
		{EC40CD7D-BBB9-4B30-9FE4-F3A474A9F415}.Release|Any CPU.Deploy.0 = Release|Any CPU
		{73FE640E-1846-49AF-B0A4-9160BDE11D6D}.Debug|Any CPU.ActiveCfg = Debug|Any CPU
		{73FE640E-1846-49AF-B0A4-9160BDE11D6D}.Debug|Any CPU.Build.0 = Debug|Any CPU
		{73FE640E-1846-49AF-B0A4-9160BDE11D6D}.Release|Any CPU.ActiveCfg = Release|Any CPU
		{73FE640E-1846-49AF-B0A4-9160BDE11D6D}.Release|Any CPU.Build.0 = Release|Any CPU
		{E3D22749-1CD0-4143-B18E-A50A2A66BA08}.Debug|Any CPU.ActiveCfg = Debug|Any CPU
		{E3D22749-1CD0-4143-B18E-A50A2A66BA08}.Debug|Any CPU.Build.0 = Debug|Any CPU
		{E3D22749-1CD0-4143-B18E-A50A2A66BA08}.Release|Any CPU.ActiveCfg = Release|Any CPU
		{E3D22749-1CD0-4143-B18E-A50A2A66BA08}.Release|Any CPU.Build.0 = Release|Any CPU
		{3B6BDF9D-0D2A-49B9-A07E-25DA5751CF27}.Debug|Any CPU.ActiveCfg = Debug|Any CPU
		{3B6BDF9D-0D2A-49B9-A07E-25DA5751CF27}.Debug|Any CPU.Build.0 = Debug|Any CPU
		{3B6BDF9D-0D2A-49B9-A07E-25DA5751CF27}.Release|Any CPU.ActiveCfg = Release|Any CPU
		{3B6BDF9D-0D2A-49B9-A07E-25DA5751CF27}.Release|Any CPU.Build.0 = Release|Any CPU
		{142DBBAD-C5C3-4774-A8E8-F8842376B019}.Debug|Any CPU.ActiveCfg = Debug|Any CPU
		{142DBBAD-C5C3-4774-A8E8-F8842376B019}.Debug|Any CPU.Build.0 = Debug|Any CPU
		{142DBBAD-C5C3-4774-A8E8-F8842376B019}.Release|Any CPU.ActiveCfg = Release|Any CPU
		{142DBBAD-C5C3-4774-A8E8-F8842376B019}.Release|Any CPU.Build.0 = Release|Any CPU
		{96A2C7F3-125C-4359-88B9-25099871D948}.Debug|Any CPU.ActiveCfg = Debug|Any CPU
		{96A2C7F3-125C-4359-88B9-25099871D948}.Debug|Any CPU.Build.0 = Debug|Any CPU
		{96A2C7F3-125C-4359-88B9-25099871D948}.Release|Any CPU.ActiveCfg = Release|Any CPU
		{96A2C7F3-125C-4359-88B9-25099871D948}.Release|Any CPU.Build.0 = Release|Any CPU
		{56A43175-1A7B-4881-BEC4-734B9B547D17}.Debug|Any CPU.ActiveCfg = Debug|Any CPU
		{56A43175-1A7B-4881-BEC4-734B9B547D17}.Debug|Any CPU.Build.0 = Debug|Any CPU
		{56A43175-1A7B-4881-BEC4-734B9B547D17}.Release|Any CPU.ActiveCfg = Release|Any CPU
		{56A43175-1A7B-4881-BEC4-734B9B547D17}.Release|Any CPU.Build.0 = Release|Any CPU
		{96B08694-9D67-46B9-BF72-CA2C098B0547}.Debug|Any CPU.ActiveCfg = Debug|Any CPU
		{96B08694-9D67-46B9-BF72-CA2C098B0547}.Debug|Any CPU.Build.0 = Debug|Any CPU
		{96B08694-9D67-46B9-BF72-CA2C098B0547}.Release|Any CPU.ActiveCfg = Release|Any CPU
		{96B08694-9D67-46B9-BF72-CA2C098B0547}.Release|Any CPU.Build.0 = Release|Any CPU
	EndGlobalSection
	GlobalSection(SolutionProperties) = preSolution
		HideSolutionNode = FALSE
	EndGlobalSection
	GlobalSection(NestedProjects) = preSolution
		{7F2EAE69-3CCA-40E6-A691-272352FF254A} = {F65D213D-33BE-4B06-93C4-6A6CE2044BC6}
		{EC40CD7D-BBB9-4B30-9FE4-F3A474A9F415} = {01F9DBFF-D247-45BE-BC62-31A180DD08DB}
		{73FE640E-1846-49AF-B0A4-9160BDE11D6D} = {AF12198D-9CE7-444C-8897-7F6B7CB6C7E5}
		{E3D22749-1CD0-4143-B18E-A50A2A66BA08} = {AF12198D-9CE7-444C-8897-7F6B7CB6C7E5}
		{3B6BDF9D-0D2A-49B9-A07E-25DA5751CF27} = {F65D213D-33BE-4B06-93C4-6A6CE2044BC6}
		{142DBBAD-C5C3-4774-A8E8-F8842376B019} = {F65D213D-33BE-4B06-93C4-6A6CE2044BC6}
		{96A2C7F3-125C-4359-88B9-25099871D948} = {F65D213D-33BE-4B06-93C4-6A6CE2044BC6}
		{56A43175-1A7B-4881-BEC4-734B9B547D17} = {F65D213D-33BE-4B06-93C4-6A6CE2044BC6}
		{96B08694-9D67-46B9-BF72-CA2C098B0547} = {F65D213D-33BE-4B06-93C4-6A6CE2044BC6}
	EndGlobalSection
	GlobalSection(ExtensibilityGlobals) = postSolution
		SolutionGuid = {CED1E432-CD9F-4F79-A2ED-5A696CC470C1}
	EndGlobalSection
EndGlobal
